
Microsoft Visual Studio Solution File, Format Version 12.00
# Visual Studio Version 17
VisualStudioVersion = 17.5.002.0
MinimumVisualStudioVersion = 10.0.40219.1
Project("{9A19103F-16F7-4668-BE54-9A1E7A4F7556}") = "Kort_spel", "Kort_spel.csproj", "{B811F6BC-00C2-48AF-A1AB-A1BDB4EF8771}"
EndProject
Global
	GlobalSection(SolutionConfigurationPlatforms) = preSolution
		Debug|Any CPU = Debug|Any CPU
		Release|Any CPU = Release|Any CPU
	EndGlobalSection
	GlobalSection(ProjectConfigurationPlatforms) = postSolution
		{B811F6BC-00C2-48AF-A1AB-A1BDB4EF8771}.Debug|Any CPU.ActiveCfg = Debug|Any CPU
		{B811F6BC-00C2-48AF-A1AB-A1BDB4EF8771}.Debug|Any CPU.Build.0 = Debug|Any CPU
		{B811F6BC-00C2-48AF-A1AB-A1BDB4EF8771}.Release|Any CPU.ActiveCfg = Release|Any CPU
		{B811F6BC-00C2-48AF-A1AB-A1BDB4EF8771}.Release|Any CPU.Build.0 = Release|Any CPU
	EndGlobalSection
	GlobalSection(SolutionProperties) = preSolution
		HideSolutionNode = FALSE
	EndGlobalSection
	GlobalSection(ExtensibilityGlobals) = postSolution
		SolutionGuid = {40FC3637-827F-4D63-ACBB-C8B4D7E700B6}
	EndGlobalSection
EndGlobal
